
Microsoft Visual Studio Solution File, Format Version 12.00
Project("{FAE04EC0-301F-11D3-BF4B-00C04F79EFBC}") = "BatchConvertToCHD", "BatchConvertToCHD\BatchConvertToCHD.csproj", "{59BAEC5C-EFC6-4931-A9E2-3E3890247FC8}"
EndProject
Project("{FAE04EC0-301F-11D3-BF4B-00C04F79EFBC}") = "BatchConvertToCHD.Tests", "BatchConvertToCHD.Tests\BatchConvertToCHD.Tests.csproj", "{FF2ED339-6BE3-417D-88C8-2C1F4BE36531}"
EndProject
Project("{FAE04EC0-301F-11D3-BF4B-00C04F79EFBC}") = "CSOSharp", "CSOSharp\CSOSharp.csproj", "{5F41FA49-35E0-4D74-ABD7-707AE8096EA7}"
EndProject
Project("{FAE04EC0-301F-11D3-BF4B-00C04F79EFBC}") = "PBPSharp", "PBPSharp\PBPSharp.csproj", "{A521E8B1-B757-4FF9-8523-3EAAA5988ADC}"
EndProject
Project("{FAE04EC0-301F-11D3-BF4B-00C04F79EFBC}") = "CCDSharp", "CCDSharp\CCDSharp.csproj", "{699C8B73-E55F-4694-9181-26E718164E70}"
EndProject
Project("{FAE04EC0-301F-11D3-BF4B-00C04F79EFBC}") = "CHDBattleTest", "CHDBattleTest\CHDBattleTest.csproj", "{FF1AD7BA-55B4-4CFC-A6E9-7E6A08DC2E16}"
EndProject
Global
	GlobalSection(SolutionConfigurationPlatforms) = preSolution
		Debug|Any CPU = Debug|Any CPU
		Debug|x64 = Debug|x64
		Debug|x86 = Debug|x86
		Release|Any CPU = Release|Any CPU
		Release|x64 = Release|x64
		Release|x86 = Release|x86
	EndGlobalSection
	GlobalSection(ProjectConfigurationPlatforms) = postSolution
		{59BAEC5C-EFC6-4931-A9E2-3E3890247FC8}.Debug|Any CPU.ActiveCfg = Debug|Any CPU
		{59BAEC5C-EFC6-4931-A9E2-3E3890247FC8}.Debug|Any CPU.Build.0 = Debug|Any CPU
		{59BAEC5C-EFC6-4931-A9E2-3E3890247FC8}.Debug|x64.ActiveCfg = Debug|Any CPU
		{59BAEC5C-EFC6-4931-A9E2-3E3890247FC8}.Debug|x64.Build.0 = Debug|Any CPU
		{59BAEC5C-EFC6-4931-A9E2-3E3890247FC8}.Debug|x86.ActiveCfg = Debug|Any CPU
		{59BAEC5C-EFC6-4931-A9E2-3E3890247FC8}.Debug|x86.Build.0 = Debug|Any CPU
		{59BAEC5C-EFC6-4931-A9E2-3E3890247FC8}.Release|Any CPU.ActiveCfg = Release|Any CPU
		{59BAEC5C-EFC6-4931-A9E2-3E3890247FC8}.Release|Any CPU.Build.0 = Release|Any CPU
		{59BAEC5C-EFC6-4931-A9E2-3E3890247FC8}.Release|x64.ActiveCfg = Release|Any CPU
		{59BAEC5C-EFC6-4931-A9E2-3E3890247FC8}.Release|x64.Build.0 = Release|Any CPU
		{59BAEC5C-EFC6-4931-A9E2-3E3890247FC8}.Release|x86.ActiveCfg = Release|Any CPU
		{59BAEC5C-EFC6-4931-A9E2-3E3890247FC8}.Release|x86.Build.0 = Release|Any CPU
		{FF2ED339-6BE3-417D-88C8-2C1F4BE36531}.Debug|Any CPU.ActiveCfg = Debug|Any CPU
		{FF2ED339-6BE3-417D-88C8-2C1F4BE36531}.Debug|Any CPU.Build.0 = Debug|Any CPU
		{FF2ED339-6BE3-417D-88C8-2C1F4BE36531}.Debug|x64.ActiveCfg = Debug|Any CPU
		{FF2ED339-6BE3-417D-88C8-2C1F4BE36531}.Debug|x64.Build.0 = Debug|Any CPU
		{FF2ED339-6BE3-417D-88C8-2C1F4BE36531}.Debug|x86.ActiveCfg = Debug|Any CPU
		{FF2ED339-6BE3-417D-88C8-2C1F4BE36531}.Debug|x86.Build.0 = Debug|Any CPU
		{FF2ED339-6BE3-417D-88C8-2C1F4BE36531}.Release|Any CPU.ActiveCfg = Release|Any CPU
		{FF2ED339-6BE3-417D-88C8-2C1F4BE36531}.Release|Any CPU.Build.0 = Release|Any CPU
		{FF2ED339-6BE3-417D-88C8-2C1F4BE36531}.Release|x64.ActiveCfg = Release|Any CPU
		{FF2ED339-6BE3-417D-88C8-2C1F4BE36531}.Release|x64.Build.0 = Release|Any CPU
		{FF2ED339-6BE3-417D-88C8-2C1F4BE36531}.Release|x86.ActiveCfg = Release|Any CPU
		{FF2ED339-6BE3-417D-88C8-2C1F4BE36531}.Release|x86.Build.0 = Release|Any CPU
		{5F41FA49-35E0-4D74-ABD7-707AE8096EA7}.Debug|Any CPU.ActiveCfg = Debug|Any CPU
		{5F41FA49-35E0-4D74-ABD7-707AE8096EA7}.Debug|Any CPU.Build.0 = Debug|Any CPU
		{5F41FA49-35E0-4D74-ABD7-707AE8096EA7}.Debug|x64.ActiveCfg = Debug|Any CPU
		{5F41FA49-35E0-4D74-ABD7-707AE8096EA7}.Debug|x64.Build.0 = Debug|Any CPU
		{5F41FA49-35E0-4D74-ABD7-707AE8096EA7}.Debug|x86.ActiveCfg = Debug|Any CPU
		{5F41FA49-35E0-4D74-ABD7-707AE8096EA7}.Debug|x86.Build.0 = Debug|Any CPU
		{5F41FA49-35E0-4D74-ABD7-707AE8096EA7}.Release|Any CPU.ActiveCfg = Release|Any CPU
		{5F41FA49-35E0-4D74-ABD7-707AE8096EA7}.Release|Any CPU.Build.0 = Release|Any CPU
		{5F41FA49-35E0-4D74-ABD7-707AE8096EA7}.Release|x64.ActiveCfg = Release|Any CPU
		{5F41FA49-35E0-4D74-ABD7-707AE8096EA7}.Release|x64.Build.0 = Release|Any CPU
		{5F41FA49-35E0-4D74-ABD7-707AE8096EA7}.Release|x86.ActiveCfg = Release|Any CPU
		{5F41FA49-35E0-4D74-ABD7-707AE8096EA7}.Release|x86.Build.0 = Release|Any CPU
		{A521E8B1-B757-4FF9-8523-3EAAA5988ADC}.Debug|Any CPU.ActiveCfg = Debug|Any CPU
		{A521E8B1-B757-4FF9-8523-3EAAA5988ADC}.Debug|Any CPU.Build.0 = Debug|Any CPU
		{A521E8B1-B757-4FF9-8523-3EAAA5988ADC}.Debug|x64.ActiveCfg = Debug|Any CPU
		{A521E8B1-B757-4FF9-8523-3EAAA5988ADC}.Debug|x64.Build.0 = Debug|Any CPU
		{A521E8B1-B757-4FF9-8523-3EAAA5988ADC}.Debug|x86.ActiveCfg = Debug|Any CPU
		{A521E8B1-B757-4FF9-8523-3EAAA5988ADC}.Debug|x86.Build.0 = Debug|Any CPU
		{A521E8B1-B757-4FF9-8523-3EAAA5988ADC}.Release|Any CPU.ActiveCfg = Release|Any CPU
		{A521E8B1-B757-4FF9-8523-3EAAA5988ADC}.Release|Any CPU.Build.0 = Release|Any CPU
		{A521E8B1-B757-4FF9-8523-3EAAA5988ADC}.Release|x64.ActiveCfg = Release|Any CPU
		{A521E8B1-B757-4FF9-8523-3EAAA5988ADC}.Release|x64.Build.0 = Release|Any CPU
		{A521E8B1-B757-4FF9-8523-3EAAA5988ADC}.Release|x86.ActiveCfg = Release|Any CPU
		{A521E8B1-B757-4FF9-8523-3EAAA5988ADC}.Release|x86.Build.0 = Release|Any CPU
		{699C8B73-E55F-4694-9181-26E718164E70}.Debug|Any CPU.ActiveCfg = Debug|Any CPU
		{699C8B73-E55F-4694-9181-26E718164E70}.Debug|Any CPU.Build.0 = Debug|Any CPU
		{699C8B73-E55F-4694-9181-26E718164E70}.Debug|x64.ActiveCfg = Debug|Any CPU
		{699C8B73-E55F-4694-9181-26E718164E70}.Debug|x64.Build.0 = Debug|Any CPU
		{699C8B73-E55F-4694-9181-26E718164E70}.Debug|x86.ActiveCfg = Debug|Any CPU
		{699C8B73-E55F-4694-9181-26E718164E70}.Debug|x86.Build.0 = Debug|Any CPU
		{699C8B73-E55F-4694-9181-26E718164E70}.Release|Any CPU.ActiveCfg = Release|Any CPU
		{699C8B73-E55F-4694-9181-26E718164E70}.Release|Any CPU.Build.0 = Release|Any CPU
		{699C8B73-E55F-4694-9181-26E718164E70}.Release|x64.ActiveCfg = Release|Any CPU
		{699C8B73-E55F-4694-9181-26E718164E70}.Release|x64.Build.0 = Release|Any CPU
		{699C8B73-E55F-4694-9181-26E718164E70}.Release|x86.ActiveCfg = Release|Any CPU
		{699C8B73-E55F-4694-9181-26E718164E70}.Release|x86.Build.0 = Release|Any CPU
		{FF1AD7BA-55B4-4CFC-A6E9-7E6A08DC2E16}.Debug|Any CPU.ActiveCfg = Debug|Any CPU
		{FF1AD7BA-55B4-4CFC-A6E9-7E6A08DC2E16}.Debug|Any CPU.Build.0 = Debug|Any CPU
		{FF1AD7BA-55B4-4CFC-A6E9-7E6A08DC2E16}.Debug|x64.ActiveCfg = Debug|Any CPU
		{FF1AD7BA-55B4-4CFC-A6E9-7E6A08DC2E16}.Debug|x64.Build.0 = Debug|Any CPU
		{FF1AD7BA-55B4-4CFC-A6E9-7E6A08DC2E16}.Debug|x86.ActiveCfg = Debug|Any CPU
		{FF1AD7BA-55B4-4CFC-A6E9-7E6A08DC2E16}.Debug|x86.Build.0 = Debug|Any CPU
		{FF1AD7BA-55B4-4CFC-A6E9-7E6A08DC2E16}.Release|Any CPU.ActiveCfg = Release|Any CPU
		{FF1AD7BA-55B4-4CFC-A6E9-7E6A08DC2E16}.Release|Any CPU.Build.0 = Release|Any CPU
		{FF1AD7BA-55B4-4CFC-A6E9-7E6A08DC2E16}.Release|x64.ActiveCfg = Release|Any CPU
		{FF1AD7BA-55B4-4CFC-A6E9-7E6A08DC2E16}.Release|x64.Build.0 = Release|Any CPU
		{FF1AD7BA-55B4-4CFC-A6E9-7E6A08DC2E16}.Release|x86.ActiveCfg = Release|Any CPU
		{FF1AD7BA-55B4-4CFC-A6E9-7E6A08DC2E16}.Release|x86.Build.0 = Release|Any CPU
	EndGlobalSection
	GlobalSection(SolutionProperties) = preSolution
		HideSolutionNode = FALSE
	EndGlobalSection
EndGlobal
